// !$*UTF8*$!
{
	archiveVersion = 1;
	classes = {
	};
	objectVersion = 46;
	objects = {

/* Begin PBXBuildFile section */
		D0BFE3351FB8EA0A00EFC8A9 /* AppDelegate.swift in Sources */ = {isa = PBXBuildFile; fileRef = D0BFE3341FB8EA0A00EFC8A9 /* AppDelegate.swift */; };
		D0BFE3371FB8EA0A00EFC8A9 /* ViewController.swift in Sources */ = {isa = PBXBuildFile; fileRef = D0BFE3361FB8EA0A00EFC8A9 /* ViewController.swift */; };
		D0BFE33A1FB8EA0A00EFC8A9 /* Main.storyboard in Resources */ = {isa = PBXBuildFile; fileRef = D0BFE3381FB8EA0A00EFC8A9 /* Main.storyboard */; };
		D0BFE33C1FB8EA0A00EFC8A9 /* Assets.xcassets in Resources */ = {isa = PBXBuildFile; fileRef = D0BFE33B1FB8EA0A00EFC8A9 /* Assets.xcassets */; };
		D0BFE33F1FB8EA0A00EFC8A9 /* LaunchScreen.storyboard in Resources */ = {isa = PBXBuildFile; fileRef = D0BFE33D1FB8EA0A00EFC8A9 /* LaunchScreen.storyboard */; };
/* End PBXBuildFile section */

/* Begin PBXFileReference section */
		D0BFE3311FB8EA0A00EFC8A9 /* APi&JSONLIBTutorial2.app */ = {isa = PBXFileReference; explicitFileType = wrapper.application; includeInIndex = 0; path = "APi&JSONLIBTutorial2.app"; sourceTree = BUILT_PRODUCTS_DIR; };
		D0BFE3341FB8EA0A00EFC8A9 /* AppDelegate.swift */ = {isa = PBXFileReference; lastKnownFileType = sourcecode.swift; path = AppDelegate.swift; sourceTree = "<group>"; };
		D0BFE3361FB8EA0A00EFC8A9 /* ViewController.swift */ = {isa = PBXFileReference; lastKnownFileType = sourcecode.swift; path = ViewController.swift; sourceTree = "<group>"; };
		D0BFE3391FB8EA0A00EFC8A9 /* Base */ = {isa = PBXFileReference; lastKnownFileType = file.storyboard; name = Base; path = Base.lproj/Main.storyboard; sourceTree = "<group>"; };
		D0BFE33B1FB8EA0A00EFC8A9 /* Assets.xcassets */ = {isa = PBXFileReference; lastKnownFileType = folder.assetcatalog; path = Assets.xcassets; sourceTree = "<group>"; };
		D0BFE33E1FB8EA0A00EFC8A9 /* Base */ = {isa = PBXFileReference; lastKnownFileType = file.storyboard; name = Base; path = Base.lproj/LaunchScreen.storyboard; sourceTree = "<group>"; };
		D0BFE3401FB8EA0A00EFC8A9 /* Info.plist */ = {isa = PBXFileReference; lastKnownFileType = text.plist.xml; path = Info.plist; sourceTree = "<group>"; };
/* End PBXFileReference section */

/* Begin PBXFrameworksBuildPhase section */
		D0BFE32E1FB8EA0A00EFC8A9 /* Frameworks */ = {
			isa = PBXFrameworksBuildPhase;
			buildActionMask = 2147483647;
			files = (
			);
			runOnlyForDeploymentPostprocessing = 0;
		};
/* End PBXFrameworksBuildPhase section */

/* Begin PBXGroup section */
		D0BFE3281FB8EA0A00EFC8A9 = {
			isa = PBXGroup;
			children = (
				D0BFE3331FB8EA0A00EFC8A9 /* APi&JSONLIBTutorial2 */,
				D0BFE3321FB8EA0A00EFC8A9 /* Products */,
			);
			sourceTree = "<group>";
		};
		D0BFE3321FB8EA0A00EFC8A9 /* Products */ = {
			isa = PBXGroup;
			children = (
				D0BFE3311FB8EA0A00EFC8A9 /* APi&JSONLIBTutorial2.app */,
			);
			name = Products;
			sourceTree = "<group>";
		};
		D0BFE3331FB8EA0A00EFC8A9 /* APi&JSONLIBTutorial2 */ = {
			isa = PBXGroup;
			children = (
				D0BFE3341FB8EA0A00EFC8A9 /* AppDelegate.swift */,
				D0BFE3361FB8EA0A00EFC8A9 /* ViewController.swift */,
				D0BFE3381FB8EA0A00EFC8A9 /* Main.storyboard */,
				D0BFE33B1FB8EA0A00EFC8A9 /* Assets.xcassets */,
				D0BFE33D1FB8EA0A00EFC8A9 /* LaunchScreen.storyboard */,
				D0BFE3401FB8EA0A00EFC8A9 /* Info.plist */,
			);
			path = "APi&JSONLIBTutorial2";
			sourceTree = "<group>";
		};
/* End PBXGroup section */

/* Begin PBXNativeTarget section */
		D0BFE3301FB8EA0A00EFC8A9 /* APi&JSONLIBTutorial2 */ = {
			isa = PBXNativeTarget;
			buildConfigurationList = D0BFE3431FB8EA0A00EFC8A9 /* Build configuration list for PBXNativeTarget "APi&JSONLIBTutorial2" */;
			buildPhases = (
				D0BFE32D1FB8EA0A00EFC8A9 /* Sources */,
				D0BFE32E1FB8EA0A00EFC8A9 /* Frameworks */,
				D0BFE32F1FB8EA0A00EFC8A9 /* Resources */,
			);
			buildRules = (
			);
			dependencies = (
			);
			name = "APi&JSONLIBTutorial2";
			productName = "APi&JSONLIBTutorial2";
			productReference = D0BFE3311FB8EA0A00EFC8A9 /* APi&JSONLIBTutorial2.app */;
			productType = "com.apple.product-type.application";
		};
/* End PBXNativeTarget section */

/* Begin PBXProject section */
		D0BFE3291FB8EA0A00EFC8A9 /* Project object */ = {
			isa = PBXProject;
			attributes = {
				LastSwiftUpdateCheck = 0820;
				LastUpgradeCheck = 0820;
				ORGANIZATIONNAME = "Mena Gamal";
				TargetAttributes = {
					D0BFE3301FB8EA0A00EFC8A9 = {
						CreatedOnToolsVersion = 8.2.1;
						ProvisioningStyle = Automatic;
					};
				};
			};
			buildConfigurationList = D0BFE32C1FB8EA0A00EFC8A9 /* Build configuration list for PBXProject "APi&JSONLIBTutorial2" */;
			compatibilityVersion = "Xcode 3.2";
			developmentRegion = English;
			hasScannedForEncodings = 0;
			knownRegions = (
				en,
				Base,
			);
			mainGroup = D0BFE3281FB8EA0A00EFC8A9;
			productRefGroup = D0BFE3321FB8EA0A00EFC8A9 /* Products */;
			projectDirPath = "";
			projectRoot = "";
			targets = (
				D0BFE3301FB8EA0A00EFC8A9 /* APi&JSONLIBTutorial2 */,
			);
		};
/* End PBXProject section */

/* Begin PBXResourcesBuildPhase section */
		D0BFE32F1FB8EA0A00EFC8A9 /* Resources */ = {
			isa = PBXResourcesBuildPhase;
			buildActionMask = 2147483647;
			files = (
				D0BFE33F1FB8EA0A00EFC8A9 /* LaunchScreen.storyboard in Resources */,
				D0BFE33C1FB8EA0A00EFC8A9 /* Assets.xcassets in Resources */,
				D0BFE33A1FB8EA0A00EFC8A9 /* Main.storyboard in Resources */,
			);
			runOnlyForDeploymentPostprocessing = 0;
		};
/* End PBXResourcesBuildPhase section */

/* Begin PBXSourcesBuildPhase section */
		D0BFE32D1FB8EA0A00EFC8A9 /* Sources */ = {
			isa = PBXSourcesBuildPhase;
			buildActionMask = 2147483647;
			files = (
				D0BFE3371FB8EA0A00EFC8A9 /* ViewController.swift in Sources */,
				D0BFE3351FB8EA0A00EFC8A9 /* AppDelegate.swift in Sources */,
			);
			runOnlyForDeploymentPostprocessing = 0;
		};
/* End PBXSourcesBuildPhase section */

/* Begin PBXVariantGroup section */
		D0BFE3381FB8EA0A00EFC8A9 /* Main.storyboard */ = {
			isa = PBXVariantGroup;
			children = (
				D0BFE3391FB8EA0A00EFC8A9 /* Base */,
			);
			name = Main.storyboard;
			sourceTree = "<group>";
		};
		D0BFE33D1FB8EA0A00EFC8A9 /* LaunchScreen.storyboard */ = {
			isa = PBXVariantGroup;
			children = (
				D0BFE33E1FB8EA0A00EFC8A9 /* Base */,
			);
			name = LaunchScreen.storyboard;
			sourceTree = "<group>";
		};
/* End PBXVariantGroup section */

/* Begin XCBuildConfiguration section */
		D0BFE3411FB8EA0A00EFC8A9 /* Debug */ = {
			isa = XCBuildConfiguration;
			buildSettings = {
				ALWAYS_SEARCH_USER_PATHS = NO;
				CLANG_ANALYZER_NONNULL = YES;
				CLANG_CXX_LANGUAGE_STANDARD = "gnu++0x";
				CLANG_CXX_LIBRARY = "libc++";
				CLANG_ENABLE_MODULES = YES;
				CLANG_ENABLE_OBJC_ARC = YES;
				CLANG_WARN_BOOL_CONVERSION = YES;
				CLANG_WARN_CONSTANT_CONVERSION = YES;
				CLANG_WARN_DIRECT_OBJC_ISA_USAGE = YES_ERROR;
				CLANG_WARN_DOCUMENTATION_COMMENTS = YES;
				CLANG_WARN_EMPTY_BODY = YES;
				CLANG_WARN_ENUM_CONVERSION = YES;
				CLANG_WARN_INFINITE_RECURSION = YES;
				CLANG_WARN_INT_CONVERSION = YES;
				CLANG_WARN_OBJC_ROOT_CLASS = YES_ERROR;
				CLANG_WARN_SUSPICIOUS_MOVE = YES;
				CLANG_WARN_UNREACHABLE_CODE = YES;
				CLANG_WARN__DUPLICATE_METHOD_MATCH = YES;
				"CODE_SIGN_IDENTITY[sdk=iphoneos*]" = "iPhone Developer";
				COPY_PHASE_STRIP = NO;
				DEBUG_INFORMATION_FORMAT = dwarf;
				ENABLE_STRICT_OBJC_MSGSEND = YES;
				ENABLE_TESTABILITY = YES;
				GCC_C_LANGUAGE_STANDARD = gnu99;
				GCC_DYNAMIC_NO_PIC = NO;
				GCC_NO_COMMON_BLOCKS = YES;
				GCC_OPTIMIZATION_LEVEL = 0;
				GCC_PREPROCESSOR_DEFINITIONS = (
					"DEBUG=1",
					"$(inherited)",
				);
				GCC_WARN_64_TO_32_BIT_CONVERSION = YES;
				GCC_WARN_ABOUT_RETURN_TYPE = YES_ERROR;
				GCC_WARN_UNDECLARED_SELECTOR = YES;
				GCC_WARN_UNINITIALIZED_AUTOS = YES_AGGRESSIVE;
				GCC_WARN_UNUSED_FUNCTION = YES;
				GCC_WARN_UNUSED_VARIABLE = YES;
				IPHONEOS_DEPLOYMENT_TARGET = 10.2;
				MTL_ENABLE_DEBUG_INFO = YES;
				ONLY_ACTIVE_ARCH = YES;
				SDKROOT = iphoneos;
				SWIFT_ACTIVE_COMPILATION_CONDITIONS = DEBUG;
				SWIFT_OPTIMIZATION_LEVEL = "-Onone";
				TARGETED_DEVICE_FAMILY = "1,2";
			};
			name = Debug;
		};
		D0BFE3421FB8EA0A00EFC8A9 /* Release */ = {
			isa = XCBuildConfiguration;
			buildSettings = {
				ALWAYS_SEARCH_USER_PATHS = NO;
				CLANG_ANALYZER_NONNULL = YES;
				CLANG_CXX_LANGUAGE_STANDARD = "gnu++0x";
				CLANG_CXX_LIBRARY = "libc++";
				CLANG_ENABLE_MODULES = YES;
				CLANG_ENABLE_OBJC_ARC = YES;
				CLANG_WARN_BOOL_CONVERSION = YES;
				CLANG_WARN_CONSTANT_CONVERSION = YES;
				CLANG_WARN_DIRECT_OBJC_ISA_USAGE = YES_ERROR;
				CLANG_WARN_DOCUMENTATION_COMMENTS = YES;
				CLANG_WARN_EMPTY_BODY = YES;
				CLANG_WARN_ENUM_CONVERSION = YES;
				CLANG_WARN_INFINITE_RECURSION = YES;
				CLANG_WARN_INT_CONVERSION = YES;
				CLANG_WARN_OBJC_ROOT_CLASS = YES_ERROR;
				CLANG_WARN_SUSPICIOUS_MOVE = YES;
				CLANG_WARN_UNREACHABLE_CODE = YES;
				CLANG_WARN__DUPLICATE_METHOD_MATCH = YES;
				"CODE_SIGN_IDENTITY[sdk=iphoneos*]" = "iPhone Developer";
				COPY_PHASE_STRIP = NO;
				DEBUG_INFORMATION_FORMAT = "dwarf-with-dsym";
				ENABLE_NS_ASSERTIONS = NO;
				ENABLE_STRICT_OBJC_MSGSEND = YES;
				GCC_C_LANGUAGE_STANDARD = gnu99;
				GCC_NO_COMMON_BLOCKS = YES;
				GCC_WARN_64_TO_32_BIT_CONVERSION = YES;
				GCC_WARN_ABOUT_RETURN_TYPE = YES_ERROR;
				GCC_WARN_UNDECLARED_SELECTOR = YES;
				GCC_WARN_UNINITIALIZED_AUTOS = YES_AGGRESSIVE;
				GCC_WARN_UNUSED_FUNCTION = YES;
				GCC_WARN_UNUSED_VARIABLE = YES;
				IPHONEOS_DEPLOYMENT_TARGET = 10.2;
				MTL_ENABLE_DEBUG_INFO = NO;
				SDKROOT = iphoneos;
				SWIFT_OPTIMIZATION_LEVEL = "-Owholemodule";
				TARGETED_DEVICE_FAMILY = "1,2";
				VALIDATE_PRODUCT = YES;
			};
			name = Release;
		};
		D0BFE3441FB8EA0A00EFC8A9 /* Debug */ = {
			isa = XCBuildConfiguration;
			buildSettings = {
				ASSETCATALOG_COMPILER_APPICON_NAME = AppIcon;
				INFOPLIST_FILE = "APi&JSONLIBTutorial2/Info.plist";
				LD_RUNPATH_SEARCH_PATHS = "$(inherited) @executable_path/Frameworks";
				PRODUCT_BUNDLE_IDENTIFIER = "com.mena.gamal.APi-JSONLIBTutorial2";
				PRODUCT_NAME = "$(TARGET_NAME)";
				SWIFT_VERSION = 3.0;
			};
			name = Debug;
		};
		D0BFE3451FB8EA0A00EFC8A9 /* Release */ = {
			isa = XCBuildConfiguration;
			buildSettings = {
				ASSETCATALOG_COMPILER_APPICON_NAME = AppIcon;
				INFOPLIST_FILE = "APi&JSONLIBTutorial2/Info.plist";
				LD_RUNPATH_SEARCH_PATHS = "$(inherited) @executable_path/Frameworks";
				PRODUCT_BUNDLE_IDENTIFIER = "com.mena.gamal.APi-JSONLIBTutorial2";
				PRODUCT_NAME = "$(TARGET_NAME)";
				SWIFT_VERSION = 3.0;
			};
			name = Release;
		};
/* End XCBuildConfiguration section */

/* Begin XCConfigurationList section */
		D0BFE32C1FB8EA0A00EFC8A9 /* Build configuration list for PBXProject "APi&JSONLIBTutorial2" */ = {
			isa = XCConfigurationList;
			buildConfigurations = (
				D0BFE3411FB8EA0A00EFC8A9 /* Debug */,
				D0BFE3421FB8EA0A00EFC8A9 /* Release */,
			);
			defaultConfigurationIsVisible = 0;
			defaultConfigurationName = Release;
		};
		D0BFE3431FB8EA0A00EFC8A9 /* Build configuration list for PBXNativeTarget "APi&JSONLIBTutorial2" */ = {
			isa = XCConfigurationList;
			buildConfigurations = (
				D0BFE3441FB8EA0A00EFC8A9 /* Debug */,
				D0BFE3451FB8EA0A00EFC8A9 /* Release */,
			);
			defaultConfigurationIsVisible = 0;
		};
/* End XCConfigurationList section */
	};
	rootObject = D0BFE3291FB8EA0A00EFC8A9 /* Project object */;
}
